%{
  "cowboy": {:git, "https://github.com/elixir-grpc/cowboy.git", "db1b09fb06038415e5c643282554c0b9f8e6a976", [tag: "grpc-2.6.3"]},
  "cowlib": {:git, "https://github.com/elixir-grpc/cowlib.git", "1cc32e27d917bfe615da6957006fd9f8d6e604bd", [tag: "grpc-2.7.3"]},
  "grpc": {:git, "https://github.com/elixir-grpc/grpc.git", "e45282526107417bd54f57bb8298b52a7c272ccb", [tag: "v0.4.0"]},
  "gun": {:git, "https://github.com/elixir-grpc/gun.git", "975177bd5c179c800c8685cf64376689642ac972", [tag: "grpc-1.3.2"]},
  "protobuf": {:hex, :protobuf, "0.7.1", "7d1b9f7d9ecb32eccd96b0c58572de4d1c09e9e3bc414e4cb15c2dce7013f195", [:mix], [], "hexpm", "6eff7a5287963719521c82e5d5b4583fd1d7cdd89ad129f0ea7d503a50a4d13f"},
  "ranch": {:hex, :ranch, "1.7.1", "6b1fab51b49196860b733a49c07604465a47bdb78aa10c1c16a3d199f7f8c881", [:rebar3], [], "hexpm", "451d8527787df716d99dc36162fca05934915db0b6141bbdac2ea8d3c7afc7d7"},
}
